<?xml version="1.0" encoding="utf-8"?>
<Project ToolsVersion="4.0" xmlns="http://schemas.microsoft.com/developer/msbuild/2003">
  <ItemGroup>
    <Filter Include="Inc">
      <UniqueIdentifier>{f391fc4b-981d-4013-bb8f-845c80e4c61f}</UniqueIdentifier>
    </Filter>
    <Filter Include="Main">
      <UniqueIdentifier>{fb16ee4b-4b6a-461e-8f1c-c33a2c63c237}</UniqueIdentifier>
    </Filter>
    <Filter Include="Framework">
      <UniqueIdentifier>{b8d41804-cb20-47c5-b3e7-85187d4bb7b8}</UniqueIdentifier>
    </Filter>
    <Filter Include="OS">
      <UniqueIdentifier>{2e2035e2-9733-46c2-841d-0625d08b1dc3}</UniqueIdentifier>
    </Filter>
    <Filter Include="OS\Windows">
      <UniqueIdentifier>{15f276e7-8100-4bb6-a25e-de1fe9b5b4a8}</UniqueIdentifier>
    </Filter>
    <Filter Include="OS\MacOSX">
      <UniqueIdentifier>{944592fa-8f4c-4560-a8c2-4084b115f48f}</UniqueIdentifier>
    </Filter>
    <Filter Include="Framework\Server">
      <UniqueIdentifier>{3612ab28-cc6d-4db0-a414-7dd46800a66d}</UniqueIdentifier>
    </Filter>
    <Filter Include="Framework\UI">
      <UniqueIdentifier>{4275826c-3696-441b-87ef-078a8c1bb94e}</UniqueIdentifier>
    </Filter>
    <Filter Include="Framework\XML">
      <UniqueIdentifier>{bf390d8b-4a69-4d35-ae1c-20070a6a475a}</UniqueIdentifier>
    </Filter>
    <Filter Include="Framework\Event">
      <UniqueIdentifier>{01928f89-a8f2-471b-b688-c7a13cfb05b4}</UniqueIdentifier>
    </Filter>
    <Filter Include="Framework\Networks">
      <UniqueIdentifier>{c16a3173-25ea-423f-9922-84faa66b0d6e}</UniqueIdentifier>
    </Filter>
    <Filter Include="Framework\MultiThreading">
      <UniqueIdentifier>{606e8347-d661-4218-8fdb-04fb99771957}</UniqueIdentifier>
    </Filter>
    <Filter Include="Framework\DataModel">
      <UniqueIdentifier>{cc507f1f-afaf-4bdc-94b2-2329a48e7cda}</UniqueIdentifier>
    </Filter>
    <Filter Include="Framework\TextCommand">
      <UniqueIdentifier>{753fc032-5e6b-4d69-9f2e-0d4ddbb195c5}</UniqueIdentifier>
    </Filter>
    <Filter Include="Framework\Base">
      <UniqueIdentifier>{799788b9-f883-44cf-a206-bc2851eeb572}</UniqueIdentifier>
    </Filter>
    <Filter Include="Framework\Task">
      <UniqueIdentifier>{937b63cf-17f3-4d97-83aa-b6a4ab89b159}</UniqueIdentifier>
    </Filter>
  </ItemGroup>
  <ItemGroup>
    <ClInclude Include="inc\BrainSystem.h">
      <Filter>Inc</Filter>
    </ClInclude>
    <ClInclude Include="inc\ConstantsDefinition.h">
      <Filter>Inc</Filter>
    </ClInclude>
    <ClInclude Include="inc\IDatabaseObject.h">
      <Filter>Inc</Filter>
    </ClInclude>
    <ClInclude Include="inc\Logger.h">
      <Filter>Inc</Filter>
    </ClInclude>
    <ClInclude Include="inc\Parameter.h">
      <Filter>Inc</Filter>
    </ClInclude>
    <ClInclude Include="inc\ParameterTable.h">
      <Filter>Inc</Filter>
    </ClInclude>
    <ClInclude Include="Main\Actions.h">
      <Filter>Main</Filter>
    </ClInclude>
    <ClInclude Include="Main\BrainUtil.h">
      <Filter>Main</Filter>
    </ClInclude>
    <ClInclude Include="Main\CloseLoopChecker.h">
      <Filter>Main</Filter>
    </ClInclude>
    <ClInclude Include="Main\Conditions.h">
      <Filter>Main</Filter>
    </ClInclude>
    <ClInclude Include="Main\RegistryKey.h">
      <Filter>Main</Filter>
    </ClInclude>
    <ClInclude Include="Main\stdafx.h">
      <Filter>Main</Filter>
    </ClInclude>
    <ClInclude Include="Main\CommandLineService.h">
      <Filter>Main</Filter>
    </ClInclude>
    <ClInclude Include="inc\IHostService.h">
      <Filter>Inc</Filter>
    </ClInclude>
    <ClInclude Include="Main\HostService.h">
      <Filter>Main</Filter>
    </ClInclude>
    <ClInclude Include="OS\Windows\WindowsProvider.h">
      <Filter>OS\Windows</Filter>
    </ClInclude>
    <ClInclude Include="Main\BehaviorBuilder.h">
      <Filter>Main</Filter>
    </ClInclude>
    <ClInclude Include="Framework\BehaviorBodyFactory.h">
      <Filter>Framework\Server</Filter>
    </ClInclude>
    <ClInclude Include="Framework\DocumentManager.h">
      <Filter>Framework\Server</Filter>
    </ClInclude>
    <ClInclude Include="Framework\ExecutionContext.h">
      <Filter>Framework\Server</Filter>
    </ClInclude>
    <ClInclude Include="Framework\IBehaviorBody.h">
      <Filter>Framework\Server</Filter>
    </ClInclude>
    <ClInclude Include="Framework\IBehaviorBuilder.h">
      <Filter>Framework\Server</Filter>
    </ClInclude>
    <ClInclude Include="Framework\IOSProvider.h">
      <Filter>Framework\Server</Filter>
    </ClInclude>
    <ClInclude Include="XML\IXmlIOStream.h">
      <Filter>Framework\XML</Filter>
    </ClInclude>
    <ClInclude Include="XML\XmlIOStream.h">
      <Filter>Framework\XML</Filter>
    </ClInclude>
    <ClInclude Include="XML\XmlIOStreamImp.h">
      <Filter>Framework\XML</Filter>
    </ClInclude>
    <ClInclude Include="XML\XmlNodeWrapper.h">
      <Filter>Framework\XML</Filter>
    </ClInclude>
    <ClInclude Include="Event\IEvent.h">
      <Filter>Framework\Event</Filter>
    </ClInclude>
    <ClInclude Include="Event\IEventDispatcher.h">
      <Filter>Framework\Event</Filter>
    </ClInclude>
    <ClInclude Include="Event\IEventFilter.h">
      <Filter>Framework\Event</Filter>
    </ClInclude>
    <ClInclude Include="Event\IEventSink.h">
      <Filter>Framework\Event</Filter>
    </ClInclude>
    <ClInclude Include="Event\IEventSource.h">
      <Filter>Framework\Event</Filter>
    </ClInclude>
    <ClInclude Include="Event\INotificationMgr.h">
      <Filter>Framework\Event</Filter>
    </ClInclude>
    <ClInclude Include="Event\NotificationMgr.h">
      <Filter>Framework\Event</Filter>
    </ClInclude>
    <ClInclude Include="Event\NotificationMgrImp.h">
      <Filter>Framework\Event</Filter>
    </ClInclude>
    <ClInclude Include="Network\ConnectionPoint.h">
      <Filter>Framework\Networks</Filter>
    </ClInclude>
    <ClInclude Include="Network\ConnectionPointImp.h">
      <Filter>Framework\Networks</Filter>
    </ClInclude>
    <ClInclude Include="Network\IConnectionPoint.h">
      <Filter>Framework\Networks</Filter>
    </ClInclude>
    <ClInclude Include="Network\ITCPClient.h">
      <Filter>Framework\Networks</Filter>
    </ClInclude>
    <ClInclude Include="Network\ITCPServer.h">
      <Filter>Framework\Networks</Filter>
    </ClInclude>
    <ClInclude Include="Network\TCPClient.h">
      <Filter>Framework\Networks</Filter>
    </ClInclude>
    <ClInclude Include="Network\TCPClientImp.h">
      <Filter>Framework\Networks</Filter>
    </ClInclude>
    <ClInclude Include="Network\TCPServer.h">
      <Filter>Framework\Networks</Filter>
    </ClInclude>
    <ClInclude Include="Network\TCPServerImp.h">
      <Filter>Framework\Networks</Filter>
    </ClInclude>
    <ClInclude Include="MultiThreading\ThreadSafeSingleton.h">
      <Filter>Framework\MultiThreading</Filter>
    </ClInclude>
    <ClInclude Include="DataModel\VariableManager.h">
      <Filter>Framework\DataModel</Filter>
    </ClInclude>
    <ClInclude Include="DataModel\ParameterImp.h">
      <Filter>Framework\DataModel</Filter>
    </ClInclude>
    <ClInclude Include="DataModel\ParameterTableImp.h">
      <Filter>Framework\DataModel</Filter>
    </ClInclude>
    <ClInclude Include="DataModel\VariableManagerImp.h">
      <Filter>Framework\DataModel</Filter>
    </ClInclude>
    <ClInclude Include="DataModel\Database.h">
      <Filter>Framework\DataModel</Filter>
    </ClInclude>
    <ClInclude Include="TextCommand\CmdLineMgr.h">
      <Filter>Framework\TextCommand</Filter>
    </ClInclude>
    <ClInclude Include="TextCommand\CmdLineMgrImp.h">
      <Filter>Framework\TextCommand</Filter>
    </ClInclude>
    <ClInclude Include="TextCommand\CmdOption.h">
      <Filter>Framework\TextCommand</Filter>
    </ClInclude>
    <ClInclude Include="TextCommand\CmdOptionImp.h">
      <Filter>Framework\TextCommand</Filter>
    </ClInclude>
    <ClInclude Include="TextCommand\ICmdLineMgr.h">
      <Filter>Framework\TextCommand</Filter>
    </ClInclude>
    <ClInclude Include="Network\ConnectionGroupImp.h">
      <Filter>Framework\Networks</Filter>
    </ClInclude>
    <ClInclude Include="Network\NetworkEvents.h">
      <Filter>Framework\Networks</Filter>
    </ClInclude>
    <ClInclude Include="MultiThreading\ThreadLocks.h">
      <Filter>Framework\MultiThreading</Filter>
    </ClInclude>
    <ClInclude Include="Base\Diagnostics.h">
      <Filter>Framework\Base</Filter>
    </ClInclude>
    <ClInclude Include="Base\ClassHeaderMacros.h">
      <Filter>Framework\Base</Filter>
    </ClInclude>
    <ClInclude Include="Base\ClassSourceMacros.h">
      <Filter>Framework\Base</Filter>
    </ClInclude>
    <ClInclude Include="Task\ITask.h">
      <Filter>Framework\Task</Filter>
    </ClInclude>
    <ClInclude Include="Task\ImmediateTask.h">
      <Filter>Framework\Task</Filter>
    </ClInclude>
    <ClInclude Include="Task\ImmediateTaskImp.h">
      <Filter>Framework\Task</Filter>
    </ClInclude>
    <ClInclude Include="Base\CommonHeaders.h">
      <Filter>Framework\Base</Filter>
    </ClInclude>
    <ClInclude Include="Task\ConditionalTask.h">
      <Filter>Framework\Task</Filter>
    </ClInclude>
    <ClInclude Include="Task\ConditionalTaskImp.h">
      <Filter>Framework\Task</Filter>
    </ClInclude>
    <ClInclude Include="inc\TaskSystem.h">
      <Filter>Inc</Filter>
    </ClInclude>
    <ClInclude Include="inc\ITaskSystem.h">
      <Filter>Inc</Filter>
    </ClInclude>
    <ClInclude Include="Task\TaskBase.h">
      <Filter>Framework\Task</Filter>
    </ClInclude>
    <ClInclude Include="Task\TaskBaseImp.h">
      <Filter>Framework\Task</Filter>
    </ClInclude>
    <ClInclude Include="inc\BehaviorManager.h">
      <Filter>Inc</Filter>
    </ClInclude>
    <ClInclude Include="Task\ITaskManager.h">
      <Filter>Framework\Task</Filter>
    </ClInclude>
    <ClInclude Include="Task\TaskManager.h">
      <Filter>Framework\Task</Filter>
    </ClInclude>
    <ClInclude Include="Task\TaskManagerImp.h">
      <Filter>Framework\Task</Filter>
    </ClInclude>
  </ItemGroup>
  <ItemGroup>
    <ClCompile Include="Main\Actions.cpp">
      <Filter>Main</Filter>
    </ClCompile>
    <ClCompile Include="Main\BrainUtil.cpp">
      <Filter>Main</Filter>
    </ClCompile>
    <ClCompile Include="Main\CloseLoopChecker.cpp">
      <Filter>Main</Filter>
    </ClCompile>
    <ClCompile Include="Main\Conditions.cpp">
      <Filter>Main</Filter>
    </ClCompile>
    <ClCompile Include="Main\Logger.cpp">
      <Filter>Main</Filter>
    </ClCompile>
    <ClCompile Include="Main\RegistryKey.cpp">
      <Filter>Main</Filter>
    </ClCompile>
    <ClCompile Include="Main\CommandLineService.cpp">
      <Filter>Main</Filter>
    </ClCompile>
    <ClCompile Include="Main\HostService.cpp">
      <Filter>Main</Filter>
    </ClCompile>
    <ClCompile Include="OS\Windows\WindowsProvider.cpp">
      <Filter>OS\Windows</Filter>
    </ClCompile>
    <ClCompile Include="Main\BehaviorBuilder.cpp">
      <Filter>Main</Filter>
    </ClCompile>
    <ClCompile Include="Framework\BehaviorBodyFactory.cpp">
      <Filter>Framework\Server</Filter>
    </ClCompile>
    <ClCompile Include="Framework\DocumentManager.cpp">
      <Filter>Framework\Server</Filter>
    </ClCompile>
    <ClCompile Include="Framework\ExecutionContext.cpp">
      <Filter>Framework\Server</Filter>
    </ClCompile>
    <ClCompile Include="XML\XmlIOStream.cpp">
      <Filter>Framework\XML</Filter>
    </ClCompile>
    <ClCompile Include="XML\XmlIOStreamImp.cpp">
      <Filter>Framework\XML</Filter>
    </ClCompile>
    <ClCompile Include="XML\XmlNodeWrapper.cpp">
      <Filter>Framework\XML</Filter>
    </ClCompile>
    <ClCompile Include="Event\NotificationMgr.cpp">
      <Filter>Framework\Event</Filter>
    </ClCompile>
    <ClCompile Include="Event\NotificationMgrImp.cpp">
      <Filter>Framework\Event</Filter>
    </ClCompile>
    <ClCompile Include="Network\ConnectionPoint.cpp">
      <Filter>Framework\Networks</Filter>
    </ClCompile>
    <ClCompile Include="Network\ConnectionPointImp.cpp">
      <Filter>Framework\Networks</Filter>
    </ClCompile>
    <ClCompile Include="Network\TCPClient.cpp">
      <Filter>Framework\Networks</Filter>
    </ClCompile>
    <ClCompile Include="Network\TCPClientImp.cpp">
      <Filter>Framework\Networks</Filter>
    </ClCompile>
    <ClCompile Include="Network\TCPServer.cpp">
      <Filter>Framework\Networks</Filter>
    </ClCompile>
    <ClCompile Include="Network\TCPServerImp.cpp">
      <Filter>Framework\Networks</Filter>
    </ClCompile>
    <ClCompile Include="DataModel\Parameter.cpp">
      <Filter>Framework\DataModel</Filter>
    </ClCompile>
    <ClCompile Include="DataModel\ParameterTable.cpp">
      <Filter>Framework\DataModel</Filter>
    </ClCompile>
    <ClCompile Include="DataModel\VariableManager.cpp">
      <Filter>Framework\DataModel</Filter>
    </ClCompile>
    <ClCompile Include="DataModel\ParameterImp.cpp">
      <Filter>Framework\DataModel</Filter>
    </ClCompile>
    <ClCompile Include="DataModel\ParameterTableImp.cpp">
      <Filter>Framework\DataModel</Filter>
    </ClCompile>
    <ClCompile Include="DataModel\VariableManagerImp.cpp">
      <Filter>Framework\DataModel</Filter>
    </ClCompile>
    <ClCompile Include="DataModel\Database.cpp">
      <Filter>Framework\DataModel</Filter>
    </ClCompile>
    <ClCompile Include="TextCommand\CmdLineMgr.cpp">
      <Filter>Framework\TextCommand</Filter>
    </ClCompile>
    <ClCompile Include="TextCommand\CmdLineMgrImp.cpp">
      <Filter>Framework\TextCommand</Filter>
    </ClCompile>
    <ClCompile Include="TextCommand\CmdOption.cpp">
      <Filter>Framework\TextCommand</Filter>
    </ClCompile>
    <ClCompile Include="TextCommand\CmdOptionImp.cpp">
      <Filter>Framework\TextCommand</Filter>
    </ClCompile>
    <ClCompile Include="Network\ConnectionGroupImp.cpp">
      <Filter>Framework\Networks</Filter>
    </ClCompile>
    <ClCompile Include="Network\NetworkEvents.cpp">
      <Filter>Framework\Networks</Filter>
    </ClCompile>
    <ClCompile Include="MultiThreading\ThreadLocks.cpp">
      <Filter>Framework\MultiThreading</Filter>
    </ClCompile>
    <ClCompile Include="Base\Diagnostics.cpp">
      <Filter>Framework\Base</Filter>
    </ClCompile>
    <ClCompile Include="Task\ImmediateTask.cpp">
      <Filter>Framework\Task</Filter>
    </ClCompile>
    <ClCompile Include="Task\ImmediateTaskImp.cpp">
      <Filter>Framework\Task</Filter>
    </ClCompile>
    <ClCompile Include="Task\ConditionalTask.cpp">
      <Filter>Framework\Task</Filter>
    </ClCompile>
    <ClCompile Include="Task\ConditionalTaskImp.cpp">
      <Filter>Framework\Task</Filter>
    </ClCompile>
    <ClCompile Include="Framework\TaskSystem.cpp">
      <Filter>Framework\Server</Filter>
    </ClCompile>
    <ClCompile Include="Task\TaskBase.cpp">
      <Filter>Framework\Task</Filter>
    </ClCompile>
    <ClCompile Include="Task\TaskBaseImp.cpp">
      <Filter>Framework\Task</Filter>
    </ClCompile>
    <ClCompile Include="DataModel\BehaviorManager.cpp">
      <Filter>Framework\DataModel</Filter>
    </ClCompile>
    <ClCompile Include="Task\TaskManager.cpp">
      <Filter>Framework\Task</Filter>
    </ClCompile>
    <ClCompile Include="Task\TaskManagerImp.cpp">
      <Filter>Framework\Task</Filter>
    </ClCompile>
  </ItemGroup>
  <ItemGroup>
    <None Include="ReadMe.txt" />
  </ItemGroup>
</Project>