
Microsoft Visual Studio Solution File, Format Version 11.00
# Visual Studio 2010
Project("{2150E333-8FDC-42A3-9474-1A3956D46DE8}") = "Managed", "Managed", "{ACF3EB64-32D1-4D7E-BB25-BD616F594CD5}"
EndProject
Project("{2150E333-8FDC-42A3-9474-1A3956D46DE8}") = "Search", "Search", "{09F9C9D7-7145-492F-B619-1BC3BB13DEC1}"
EndProject
Project("{2150E333-8FDC-42A3-9474-1A3956D46DE8}") = "UnitTest", "UnitTest", "{B1E28D17-33E0-4702-9AEE-919E56E02E64}"
EndProject
Project("{2150E333-8FDC-42A3-9474-1A3956D46DE8}") = "Tools", "Tools", "{2023D64C-502A-43C7-B54E-1E57EEA7E3DC}"
EndProject
Project("{8BC9CEB8-8B4A-11D0-8D11-00A0C91BC942}") = "Brain", "Brain\Brain.vcxproj", "{2F84E5C2-720E-42A3-94B4-0AD806E55A63}"
EndProject
Project("{8BC9CEB8-8B4A-11D0-8D11-00A0C91BC942}") = "BrainUnitTest", "BrainUnitTest\BrainUnitTest.vcxproj", "{6834F582-0BF8-4EB4-8820-A54BB4528ECA}"
EndProject
Project("{8BC9CEB8-8B4A-11D0-8D11-00A0C91BC942}") = "PC", "PC\PC.vcxproj", "{07557188-E8C2-4A42-91F6-F6D31C8ABCEB}"
EndProject
Project("{8BC9CEB8-8B4A-11D0-8D11-00A0C91BC942}") = "Sensor", "Sensor\Sensor.vcxproj", "{44CE4A9C-FC13-4EC2-96B7-9801EB7837CF}"
EndProject
Project("{8BC9CEB8-8B4A-11D0-8D11-00A0C91BC942}") = "BrainWrapper", "BrainWrapper\BrainWrapper.vcxproj", "{6585C1DC-F766-4E0B-B532-830B31565510}"
EndProject
Project("{FAE04EC0-301F-11D3-BF4B-00C04F79EFBC}") = "ET", "ET\ET.csproj", "{396FE2BB-4D88-43EC-90AB-331534F6A4F4}"
EndProject
Project("{FAE04EC0-301F-11D3-BF4B-00C04F79EFBC}") = "Assist.SearchEngine", "Assist.SearchEngine\Assist.SearchEngine.csproj", "{0433224F-ABE2-4A3B-BE77-6709DB5C44C2}"
EndProject
Project("{FAE04EC0-301F-11D3-BF4B-00C04F79EFBC}") = "Assist.SearchEngineUTest", "Assist.SearchEngineUTest\Assist.SearchEngineUTest.csproj", "{DCD5BB06-7FDD-4FE9-B8D1-DB6A4CA99750}"
EndProject
Project("{FAE04EC0-301F-11D3-BF4B-00C04F79EFBC}") = "Spotlight", "Spotlight\Spotlight.csproj", "{B56F8586-3CA5-45E5-9EBD-13568B9B34C1}"
EndProject
Project("{FAE04EC0-301F-11D3-BF4B-00C04F79EFBC}") = "Assist.DataSource", "Assist.DataSource\Assist.DataSource.csproj", "{23859E7C-1895-42C8-A583-1E5097A0DB68}"
EndProject
Project("{8BC9CEB8-8B4A-11D0-8D11-00A0C91BC942}") = "formatxml", "tools\formatxml\formatxml.vcxproj", "{F2950C60-E718-4BEE-B6F4-6C5F6125B280}"
EndProject
Global
	GlobalSection(SolutionConfigurationPlatforms) = preSolution
		Debug|Any CPU = Debug|Any CPU
		Debug|Mixed Platforms = Debug|Mixed Platforms
		Debug|Win32 = Debug|Win32
		Debug|x86 = Debug|x86
		Release|Any CPU = Release|Any CPU
		Release|Mixed Platforms = Release|Mixed Platforms
		Release|Win32 = Release|Win32
		Release|x86 = Release|x86
	EndGlobalSection
	GlobalSection(ProjectConfigurationPlatforms) = postSolution
		{2F84E5C2-720E-42A3-94B4-0AD806E55A63}.Debug|Any CPU.ActiveCfg = Debug|Win32
		{2F84E5C2-720E-42A3-94B4-0AD806E55A63}.Debug|Mixed Platforms.ActiveCfg = Debug|Win32
		{2F84E5C2-720E-42A3-94B4-0AD806E55A63}.Debug|Mixed Platforms.Build.0 = Debug|Win32
		{2F84E5C2-720E-42A3-94B4-0AD806E55A63}.Debug|Win32.ActiveCfg = Debug|Win32
		{2F84E5C2-720E-42A3-94B4-0AD806E55A63}.Debug|Win32.Build.0 = Debug|Win32
		{2F84E5C2-720E-42A3-94B4-0AD806E55A63}.Debug|x86.ActiveCfg = Debug|Win32
		{2F84E5C2-720E-42A3-94B4-0AD806E55A63}.Release|Any CPU.ActiveCfg = Release|Win32
		{2F84E5C2-720E-42A3-94B4-0AD806E55A63}.Release|Mixed Platforms.ActiveCfg = Release|Win32
		{2F84E5C2-720E-42A3-94B4-0AD806E55A63}.Release|Mixed Platforms.Build.0 = Release|Win32
		{2F84E5C2-720E-42A3-94B4-0AD806E55A63}.Release|Win32.ActiveCfg = Release|Win32
		{2F84E5C2-720E-42A3-94B4-0AD806E55A63}.Release|Win32.Build.0 = Release|Win32
		{2F84E5C2-720E-42A3-94B4-0AD806E55A63}.Release|x86.ActiveCfg = Release|Win32
		{6834F582-0BF8-4EB4-8820-A54BB4528ECA}.Debug|Any CPU.ActiveCfg = Debug|Win32
		{6834F582-0BF8-4EB4-8820-A54BB4528ECA}.Debug|Mixed Platforms.ActiveCfg = Debug|Win32
		{6834F582-0BF8-4EB4-8820-A54BB4528ECA}.Debug|Mixed Platforms.Build.0 = Debug|Win32
		{6834F582-0BF8-4EB4-8820-A54BB4528ECA}.Debug|Win32.ActiveCfg = Debug|Win32
		{6834F582-0BF8-4EB4-8820-A54BB4528ECA}.Debug|Win32.Build.0 = Debug|Win32
		{6834F582-0BF8-4EB4-8820-A54BB4528ECA}.Debug|x86.ActiveCfg = Debug|Win32
		{6834F582-0BF8-4EB4-8820-A54BB4528ECA}.Release|Any CPU.ActiveCfg = Release|Win32
		{6834F582-0BF8-4EB4-8820-A54BB4528ECA}.Release|Mixed Platforms.ActiveCfg = Release|Win32
		{6834F582-0BF8-4EB4-8820-A54BB4528ECA}.Release|Mixed Platforms.Build.0 = Release|Win32
		{6834F582-0BF8-4EB4-8820-A54BB4528ECA}.Release|Win32.ActiveCfg = Release|Win32
		{6834F582-0BF8-4EB4-8820-A54BB4528ECA}.Release|Win32.Build.0 = Release|Win32
		{6834F582-0BF8-4EB4-8820-A54BB4528ECA}.Release|x86.ActiveCfg = Release|Win32
		{07557188-E8C2-4A42-91F6-F6D31C8ABCEB}.Debug|Any CPU.ActiveCfg = Debug|Win32
		{07557188-E8C2-4A42-91F6-F6D31C8ABCEB}.Debug|Mixed Platforms.ActiveCfg = Debug|Win32
		{07557188-E8C2-4A42-91F6-F6D31C8ABCEB}.Debug|Mixed Platforms.Build.0 = Debug|Win32
		{07557188-E8C2-4A42-91F6-F6D31C8ABCEB}.Debug|Win32.ActiveCfg = Debug|Win32
		{07557188-E8C2-4A42-91F6-F6D31C8ABCEB}.Debug|Win32.Build.0 = Debug|Win32
		{07557188-E8C2-4A42-91F6-F6D31C8ABCEB}.Debug|x86.ActiveCfg = Debug|Win32
		{07557188-E8C2-4A42-91F6-F6D31C8ABCEB}.Release|Any CPU.ActiveCfg = Release|Win32
		{07557188-E8C2-4A42-91F6-F6D31C8ABCEB}.Release|Mixed Platforms.ActiveCfg = Release|Win32
		{07557188-E8C2-4A42-91F6-F6D31C8ABCEB}.Release|Mixed Platforms.Build.0 = Release|Win32
		{07557188-E8C2-4A42-91F6-F6D31C8ABCEB}.Release|Win32.ActiveCfg = Release|Win32
		{07557188-E8C2-4A42-91F6-F6D31C8ABCEB}.Release|Win32.Build.0 = Release|Win32
		{07557188-E8C2-4A42-91F6-F6D31C8ABCEB}.Release|x86.ActiveCfg = Release|Win32
		{44CE4A9C-FC13-4EC2-96B7-9801EB7837CF}.Debug|Any CPU.ActiveCfg = Debug|Win32
		{44CE4A9C-FC13-4EC2-96B7-9801EB7837CF}.Debug|Mixed Platforms.ActiveCfg = Debug|Win32
		{44CE4A9C-FC13-4EC2-96B7-9801EB7837CF}.Debug|Mixed Platforms.Build.0 = Debug|Win32
		{44CE4A9C-FC13-4EC2-96B7-9801EB7837CF}.Debug|Win32.ActiveCfg = Debug|Win32
		{44CE4A9C-FC13-4EC2-96B7-9801EB7837CF}.Debug|Win32.Build.0 = Debug|Win32
		{44CE4A9C-FC13-4EC2-96B7-9801EB7837CF}.Debug|x86.ActiveCfg = Debug|Win32
		{44CE4A9C-FC13-4EC2-96B7-9801EB7837CF}.Release|Any CPU.ActiveCfg = Release|Win32
		{44CE4A9C-FC13-4EC2-96B7-9801EB7837CF}.Release|Mixed Platforms.ActiveCfg = Release|Win32
		{44CE4A9C-FC13-4EC2-96B7-9801EB7837CF}.Release|Mixed Platforms.Build.0 = Release|Win32
		{44CE4A9C-FC13-4EC2-96B7-9801EB7837CF}.Release|Win32.ActiveCfg = Release|Win32
		{44CE4A9C-FC13-4EC2-96B7-9801EB7837CF}.Release|Win32.Build.0 = Release|Win32
		{44CE4A9C-FC13-4EC2-96B7-9801EB7837CF}.Release|x86.ActiveCfg = Release|Win32
		{6585C1DC-F766-4E0B-B532-830B31565510}.Debug|Any CPU.ActiveCfg = Debug|Win32
		{6585C1DC-F766-4E0B-B532-830B31565510}.Debug|Mixed Platforms.ActiveCfg = Debug|Win32
		{6585C1DC-F766-4E0B-B532-830B31565510}.Debug|Mixed Platforms.Build.0 = Debug|Win32
		{6585C1DC-F766-4E0B-B532-830B31565510}.Debug|Win32.ActiveCfg = Debug|Win32
		{6585C1DC-F766-4E0B-B532-830B31565510}.Debug|Win32.Build.0 = Debug|Win32
		{6585C1DC-F766-4E0B-B532-830B31565510}.Debug|x86.ActiveCfg = Debug|Win32
		{6585C1DC-F766-4E0B-B532-830B31565510}.Release|Any CPU.ActiveCfg = Release|Win32
		{6585C1DC-F766-4E0B-B532-830B31565510}.Release|Mixed Platforms.ActiveCfg = Release|Win32
		{6585C1DC-F766-4E0B-B532-830B31565510}.Release|Mixed Platforms.Build.0 = Release|Win32
		{6585C1DC-F766-4E0B-B532-830B31565510}.Release|Win32.ActiveCfg = Release|Win32
		{6585C1DC-F766-4E0B-B532-830B31565510}.Release|Win32.Build.0 = Release|Win32
		{6585C1DC-F766-4E0B-B532-830B31565510}.Release|x86.ActiveCfg = Release|Win32
		{396FE2BB-4D88-43EC-90AB-331534F6A4F4}.Debug|Any CPU.ActiveCfg = Debug|Any CPU
		{396FE2BB-4D88-43EC-90AB-331534F6A4F4}.Debug|Any CPU.Build.0 = Debug|Any CPU
		{396FE2BB-4D88-43EC-90AB-331534F6A4F4}.Debug|Mixed Platforms.ActiveCfg = Debug|x86
		{396FE2BB-4D88-43EC-90AB-331534F6A4F4}.Debug|Mixed Platforms.Build.0 = Debug|x86
		{396FE2BB-4D88-43EC-90AB-331534F6A4F4}.Debug|Win32.ActiveCfg = Debug|Any CPU
		{396FE2BB-4D88-43EC-90AB-331534F6A4F4}.Debug|x86.ActiveCfg = Debug|x86
		{396FE2BB-4D88-43EC-90AB-331534F6A4F4}.Debug|x86.Build.0 = Debug|x86
		{396FE2BB-4D88-43EC-90AB-331534F6A4F4}.Release|Any CPU.ActiveCfg = Release|Any CPU
		{396FE2BB-4D88-43EC-90AB-331534F6A4F4}.Release|Any CPU.Build.0 = Release|Any CPU
		{396FE2BB-4D88-43EC-90AB-331534F6A4F4}.Release|Mixed Platforms.ActiveCfg = Release|x86
		{396FE2BB-4D88-43EC-90AB-331534F6A4F4}.Release|Mixed Platforms.Build.0 = Release|x86
		{396FE2BB-4D88-43EC-90AB-331534F6A4F4}.Release|Win32.ActiveCfg = Release|Any CPU
		{396FE2BB-4D88-43EC-90AB-331534F6A4F4}.Release|x86.ActiveCfg = Release|x86
		{396FE2BB-4D88-43EC-90AB-331534F6A4F4}.Release|x86.Build.0 = Release|x86
		{0433224F-ABE2-4A3B-BE77-6709DB5C44C2}.Debug|Any CPU.ActiveCfg = Debug|Any CPU
		{0433224F-ABE2-4A3B-BE77-6709DB5C44C2}.Debug|Any CPU.Build.0 = Debug|Any CPU
		{0433224F-ABE2-4A3B-BE77-6709DB5C44C2}.Debug|Mixed Platforms.ActiveCfg = Debug|Any CPU
		{0433224F-ABE2-4A3B-BE77-6709DB5C44C2}.Debug|Mixed Platforms.Build.0 = Debug|Any CPU
		{0433224F-ABE2-4A3B-BE77-6709DB5C44C2}.Debug|Win32.ActiveCfg = Debug|Any CPU
		{0433224F-ABE2-4A3B-BE77-6709DB5C44C2}.Debug|x86.ActiveCfg = Debug|Any CPU
		{0433224F-ABE2-4A3B-BE77-6709DB5C44C2}.Release|Any CPU.ActiveCfg = Release|Any CPU
		{0433224F-ABE2-4A3B-BE77-6709DB5C44C2}.Release|Any CPU.Build.0 = Release|Any CPU
		{0433224F-ABE2-4A3B-BE77-6709DB5C44C2}.Release|Mixed Platforms.ActiveCfg = Release|Any CPU
		{0433224F-ABE2-4A3B-BE77-6709DB5C44C2}.Release|Mixed Platforms.Build.0 = Release|Any CPU
		{0433224F-ABE2-4A3B-BE77-6709DB5C44C2}.Release|Win32.ActiveCfg = Release|Any CPU
		{0433224F-ABE2-4A3B-BE77-6709DB5C44C2}.Release|x86.ActiveCfg = Release|Any CPU
		{DCD5BB06-7FDD-4FE9-B8D1-DB6A4CA99750}.Debug|Any CPU.ActiveCfg = Debug|Any CPU
		{DCD5BB06-7FDD-4FE9-B8D1-DB6A4CA99750}.Debug|Any CPU.Build.0 = Debug|Any CPU
		{DCD5BB06-7FDD-4FE9-B8D1-DB6A4CA99750}.Debug|Mixed Platforms.ActiveCfg = Debug|Any CPU
		{DCD5BB06-7FDD-4FE9-B8D1-DB6A4CA99750}.Debug|Mixed Platforms.Build.0 = Debug|Any CPU
		{DCD5BB06-7FDD-4FE9-B8D1-DB6A4CA99750}.Debug|Win32.ActiveCfg = Debug|Any CPU
		{DCD5BB06-7FDD-4FE9-B8D1-DB6A4CA99750}.Debug|x86.ActiveCfg = Debug|Any CPU
		{DCD5BB06-7FDD-4FE9-B8D1-DB6A4CA99750}.Release|Any CPU.ActiveCfg = Release|Any CPU
		{DCD5BB06-7FDD-4FE9-B8D1-DB6A4CA99750}.Release|Any CPU.Build.0 = Release|Any CPU
		{DCD5BB06-7FDD-4FE9-B8D1-DB6A4CA99750}.Release|Mixed Platforms.ActiveCfg = Release|Any CPU
		{DCD5BB06-7FDD-4FE9-B8D1-DB6A4CA99750}.Release|Mixed Platforms.Build.0 = Release|Any CPU
		{DCD5BB06-7FDD-4FE9-B8D1-DB6A4CA99750}.Release|Win32.ActiveCfg = Release|Any CPU
		{DCD5BB06-7FDD-4FE9-B8D1-DB6A4CA99750}.Release|x86.ActiveCfg = Release|Any CPU
		{B56F8586-3CA5-45E5-9EBD-13568B9B34C1}.Debug|Any CPU.ActiveCfg = Debug|Any CPU
		{B56F8586-3CA5-45E5-9EBD-13568B9B34C1}.Debug|Any CPU.Build.0 = Debug|Any CPU
		{B56F8586-3CA5-45E5-9EBD-13568B9B34C1}.Debug|Mixed Platforms.ActiveCfg = Debug|Any CPU
		{B56F8586-3CA5-45E5-9EBD-13568B9B34C1}.Debug|Mixed Platforms.Build.0 = Debug|Any CPU
		{B56F8586-3CA5-45E5-9EBD-13568B9B34C1}.Debug|Win32.ActiveCfg = Debug|Any CPU
		{B56F8586-3CA5-45E5-9EBD-13568B9B34C1}.Debug|x86.ActiveCfg = Debug|Any CPU
		{B56F8586-3CA5-45E5-9EBD-13568B9B34C1}.Release|Any CPU.ActiveCfg = Release|Any CPU
		{B56F8586-3CA5-45E5-9EBD-13568B9B34C1}.Release|Any CPU.Build.0 = Release|Any CPU
		{B56F8586-3CA5-45E5-9EBD-13568B9B34C1}.Release|Mixed Platforms.ActiveCfg = Release|Any CPU
		{B56F8586-3CA5-45E5-9EBD-13568B9B34C1}.Release|Mixed Platforms.Build.0 = Release|Any CPU
		{B56F8586-3CA5-45E5-9EBD-13568B9B34C1}.Release|Win32.ActiveCfg = Release|Any CPU
		{B56F8586-3CA5-45E5-9EBD-13568B9B34C1}.Release|x86.ActiveCfg = Release|Any CPU
		{23859E7C-1895-42C8-A583-1E5097A0DB68}.Debug|Any CPU.ActiveCfg = Debug|Any CPU
		{23859E7C-1895-42C8-A583-1E5097A0DB68}.Debug|Any CPU.Build.0 = Debug|Any CPU
		{23859E7C-1895-42C8-A583-1E5097A0DB68}.Debug|Mixed Platforms.ActiveCfg = Debug|Any CPU
		{23859E7C-1895-42C8-A583-1E5097A0DB68}.Debug|Mixed Platforms.Build.0 = Debug|Any CPU
		{23859E7C-1895-42C8-A583-1E5097A0DB68}.Debug|Win32.ActiveCfg = Debug|Any CPU
		{23859E7C-1895-42C8-A583-1E5097A0DB68}.Debug|x86.ActiveCfg = Debug|Any CPU
		{23859E7C-1895-42C8-A583-1E5097A0DB68}.Release|Any CPU.ActiveCfg = Release|Any CPU
		{23859E7C-1895-42C8-A583-1E5097A0DB68}.Release|Any CPU.Build.0 = Release|Any CPU
		{23859E7C-1895-42C8-A583-1E5097A0DB68}.Release|Mixed Platforms.ActiveCfg = Release|Any CPU
		{23859E7C-1895-42C8-A583-1E5097A0DB68}.Release|Mixed Platforms.Build.0 = Release|Any CPU
		{23859E7C-1895-42C8-A583-1E5097A0DB68}.Release|Win32.ActiveCfg = Release|Any CPU
		{23859E7C-1895-42C8-A583-1E5097A0DB68}.Release|x86.ActiveCfg = Release|Any CPU
		{F2950C60-E718-4BEE-B6F4-6C5F6125B280}.Debug|Any CPU.ActiveCfg = Debug|Win32
		{F2950C60-E718-4BEE-B6F4-6C5F6125B280}.Debug|Mixed Platforms.ActiveCfg = Debug|Win32
		{F2950C60-E718-4BEE-B6F4-6C5F6125B280}.Debug|Mixed Platforms.Build.0 = Debug|Win32
		{F2950C60-E718-4BEE-B6F4-6C5F6125B280}.Debug|Win32.ActiveCfg = Debug|Win32
		{F2950C60-E718-4BEE-B6F4-6C5F6125B280}.Debug|Win32.Build.0 = Debug|Win32
		{F2950C60-E718-4BEE-B6F4-6C5F6125B280}.Debug|x86.ActiveCfg = Debug|Win32
		{F2950C60-E718-4BEE-B6F4-6C5F6125B280}.Release|Any CPU.ActiveCfg = Release|Win32
		{F2950C60-E718-4BEE-B6F4-6C5F6125B280}.Release|Mixed Platforms.ActiveCfg = Release|Win32
		{F2950C60-E718-4BEE-B6F4-6C5F6125B280}.Release|Mixed Platforms.Build.0 = Release|Win32
		{F2950C60-E718-4BEE-B6F4-6C5F6125B280}.Release|Win32.ActiveCfg = Release|Win32
		{F2950C60-E718-4BEE-B6F4-6C5F6125B280}.Release|Win32.Build.0 = Release|Win32
		{F2950C60-E718-4BEE-B6F4-6C5F6125B280}.Release|x86.ActiveCfg = Release|Win32
	EndGlobalSection
	GlobalSection(SolutionProperties) = preSolution
		HideSolutionNode = FALSE
	EndGlobalSection
	GlobalSection(NestedProjects) = preSolution
		{6585C1DC-F766-4E0B-B532-830B31565510} = {ACF3EB64-32D1-4D7E-BB25-BD616F594CD5}
		{396FE2BB-4D88-43EC-90AB-331534F6A4F4} = {ACF3EB64-32D1-4D7E-BB25-BD616F594CD5}
		{0433224F-ABE2-4A3B-BE77-6709DB5C44C2} = {09F9C9D7-7145-492F-B619-1BC3BB13DEC1}
		{B56F8586-3CA5-45E5-9EBD-13568B9B34C1} = {09F9C9D7-7145-492F-B619-1BC3BB13DEC1}
		{23859E7C-1895-42C8-A583-1E5097A0DB68} = {09F9C9D7-7145-492F-B619-1BC3BB13DEC1}
		{6834F582-0BF8-4EB4-8820-A54BB4528ECA} = {B1E28D17-33E0-4702-9AEE-919E56E02E64}
		{DCD5BB06-7FDD-4FE9-B8D1-DB6A4CA99750} = {B1E28D17-33E0-4702-9AEE-919E56E02E64}
		{F2950C60-E718-4BEE-B6F4-6C5F6125B280} = {2023D64C-502A-43C7-B54E-1E57EEA7E3DC}
	EndGlobalSection
EndGlobal
